PODS:
  - HGCircularSlider (2.0.0)
  - SwiftChart (1.0.1)

DEPENDENCIES:
  - HGCircularSlider (~> 2.0.0)
  - SwiftChart

SPEC REPOS:
  https://github.com/cocoapods/specs.git:
    - HGCircularSlider
    - SwiftChart

SPEC CHECKSUMS:
  HGCircularSlider: 92e2ee098c814709f455b8f46cd9008147f6a869
  SwiftChart: ba767a678d568a5ee22d419e146a0582865e1aff

PODFILE CHECKSUM: 033fd2fc309001a2e932d944ed0b2b55bf1ce1e9

COCOAPODS: 1.5.3
